
Microsoft Visual Studio Solution File, Format Version 12.00
# Visual Studio Version 16
VisualStudioVersion = 16.0.29503.13
MinimumVisualStudioVersion = 10.0.40219.1
Project("{8BC9CEB8-8B4A-11D0-8D11-00A0C91BC942}") = "adventofcode01", "adventofcode01\adventofcode01.vcxproj", "{926D2498-C0E8-4F87-8E60-D470B2507D74}"
EndProject
Project("{8BC9CEB8-8B4A-11D0-8D11-00A0C91BC942}") = "adventofcode02", "adventofcode02\adventofcode02.vcxproj", "{D3F163A5-BEBC-49B4-89A7-0515DF73AFE5}"
EndProject
Project("{8BC9CEB8-8B4A-11D0-8D11-00A0C91BC942}") = "adventofcode03", "adventofcode03\adventofcode03.vcxproj", "{CD805BF5-58F9-4BD5-884F-763C213A9CA4}"
EndProject
Project("{8BC9CEB8-8B4A-11D0-8D11-00A0C91BC942}") = "adventofcode04", "adventofcode04\adventofcode04.vcxproj", "{4DFDA78A-8695-4878-BEE9-9BAA0E19BA1D}"
EndProject
Project("{8BC9CEB8-8B4A-11D0-8D11-00A0C91BC942}") = "adventofcode05", "adventofcode05\adventofcode05.vcxproj", "{6362C86D-BC0B-4D6B-859E-61765AA05253}"
EndProject
Project("{8BC9CEB8-8B4A-11D0-8D11-00A0C91BC942}") = "adventofcode06", "adventofcode06\adventofcode06.vcxproj", "{39922D1D-A3D3-4309-B17C-223BBEF333F5}"
EndProject
Project("{8BC9CEB8-8B4A-11D0-8D11-00A0C91BC942}") = "adventofcode07", "adventofcode07\adventofcode07.vcxproj", "{86BD2AAC-3255-4165-A3F6-617E71661AD5}"
EndProject
Project("{8BC9CEB8-8B4A-11D0-8D11-00A0C91BC942}") = "adventofcode08", "adventofcode08\adventofcode08.vcxproj", "{86ECE8E4-6042-4BA7-8C56-897EEF9901CF}"
EndProject
Project("{8BC9CEB8-8B4A-11D0-8D11-00A0C91BC942}") = "adventofcode09", "adventofcode09\adventofcode09.vcxproj", "{60E1BD71-E8F7-4238-9DB3-238DFF5F3301}"
EndProject
Project("{8BC9CEB8-8B4A-11D0-8D11-00A0C91BC942}") = "adventofcode10", "adventofcode10\adventofcode10.vcxproj", "{7E2878E7-7DE3-4BA0-AA9A-33831DE0C4C4}"
EndProject
Project("{8BC9CEB8-8B4A-11D0-8D11-00A0C91BC942}") = "adventofcode11", "adventofcode11\adventofcode11.vcxproj", "{E4E03024-877F-4753-B7C7-B1DC6FE1741F}"
EndProject
Project("{8BC9CEB8-8B4A-11D0-8D11-00A0C91BC942}") = "adventofcode12", "adventofcode12\adventofcode12.vcxproj", "{8E77CAF6-868A-446E-8668-A4EB1C333E86}"
EndProject
Project("{8BC9CEB8-8B4A-11D0-8D11-00A0C91BC942}") = "adventofcode13", "adventofcode13\adventofcode13.vcxproj", "{14CD8FE6-DFBC-477F-ABA1-5D3ED65BEA49}"
EndProject
Global
	GlobalSection(SolutionConfigurationPlatforms) = preSolution
		Debug|x64 = Debug|x64
		Debug|x86 = Debug|x86
		Release|x64 = Release|x64
		Release|x86 = Release|x86
	EndGlobalSection
	GlobalSection(ProjectConfigurationPlatforms) = postSolution
		{926D2498-C0E8-4F87-8E60-D470B2507D74}.Debug|x64.ActiveCfg = Debug|x64
		{926D2498-C0E8-4F87-8E60-D470B2507D74}.Debug|x64.Build.0 = Debug|x64
		{926D2498-C0E8-4F87-8E60-D470B2507D74}.Debug|x86.ActiveCfg = Debug|Win32
		{926D2498-C0E8-4F87-8E60-D470B2507D74}.Debug|x86.Build.0 = Debug|Win32
		{926D2498-C0E8-4F87-8E60-D470B2507D74}.Release|x64.ActiveCfg = Release|x64
		{926D2498-C0E8-4F87-8E60-D470B2507D74}.Release|x64.Build.0 = Release|x64
		{926D2498-C0E8-4F87-8E60-D470B2507D74}.Release|x86.ActiveCfg = Release|Win32
		{926D2498-C0E8-4F87-8E60-D470B2507D74}.Release|x86.Build.0 = Release|Win32
		{D3F163A5-BEBC-49B4-89A7-0515DF73AFE5}.Debug|x64.ActiveCfg = Debug|x64
		{D3F163A5-BEBC-49B4-89A7-0515DF73AFE5}.Debug|x64.Build.0 = Debug|x64
		{D3F163A5-BEBC-49B4-89A7-0515DF73AFE5}.Debug|x86.ActiveCfg = Debug|Win32
		{D3F163A5-BEBC-49B4-89A7-0515DF73AFE5}.Debug|x86.Build.0 = Debug|Win32
		{D3F163A5-BEBC-49B4-89A7-0515DF73AFE5}.Release|x64.ActiveCfg = Release|x64
		{D3F163A5-BEBC-49B4-89A7-0515DF73AFE5}.Release|x64.Build.0 = Release|x64
		{D3F163A5-BEBC-49B4-89A7-0515DF73AFE5}.Release|x86.ActiveCfg = Release|Win32
		{D3F163A5-BEBC-49B4-89A7-0515DF73AFE5}.Release|x86.Build.0 = Release|Win32
		{CD805BF5-58F9-4BD5-884F-763C213A9CA4}.Debug|x64.ActiveCfg = Debug|x64
		{CD805BF5-58F9-4BD5-884F-763C213A9CA4}.Debug|x64.Build.0 = Debug|x64
		{CD805BF5-58F9-4BD5-884F-763C213A9CA4}.Debug|x86.ActiveCfg = Debug|Win32
		{CD805BF5-58F9-4BD5-884F-763C213A9CA4}.Debug|x86.Build.0 = Debug|Win32
		{CD805BF5-58F9-4BD5-884F-763C213A9CA4}.Release|x64.ActiveCfg = Release|x64
		{CD805BF5-58F9-4BD5-884F-763C213A9CA4}.Release|x64.Build.0 = Release|x64
		{CD805BF5-58F9-4BD5-884F-763C213A9CA4}.Release|x86.ActiveCfg = Release|Win32
		{CD805BF5-58F9-4BD5-884F-763C213A9CA4}.Release|x86.Build.0 = Release|Win32
		{4DFDA78A-8695-4878-BEE9-9BAA0E19BA1D}.Debug|x64.ActiveCfg = Debug|x64
		{4DFDA78A-8695-4878-BEE9-9BAA0E19BA1D}.Debug|x64.Build.0 = Debug|x64
		{4DFDA78A-8695-4878-BEE9-9BAA0E19BA1D}.Debug|x86.ActiveCfg = Debug|Win32
		{4DFDA78A-8695-4878-BEE9-9BAA0E19BA1D}.Debug|x86.Build.0 = Debug|Win32
		{4DFDA78A-8695-4878-BEE9-9BAA0E19BA1D}.Release|x64.ActiveCfg = Release|x64
		{4DFDA78A-8695-4878-BEE9-9BAA0E19BA1D}.Release|x64.Build.0 = Release|x64
		{4DFDA78A-8695-4878-BEE9-9BAA0E19BA1D}.Release|x86.ActiveCfg = Release|Win32
		{4DFDA78A-8695-4878-BEE9-9BAA0E19BA1D}.Release|x86.Build.0 = Release|Win32
		{6362C86D-BC0B-4D6B-859E-61765AA05253}.Debug|x64.ActiveCfg = Debug|x64
		{6362C86D-BC0B-4D6B-859E-61765AA05253}.Debug|x64.Build.0 = Debug|x64
		{6362C86D-BC0B-4D6B-859E-61765AA05253}.Debug|x86.ActiveCfg = Debug|Win32
		{6362C86D-BC0B-4D6B-859E-61765AA05253}.Debug|x86.Build.0 = Debug|Win32
		{6362C86D-BC0B-4D6B-859E-61765AA05253}.Release|x64.ActiveCfg = Release|x64
		{6362C86D-BC0B-4D6B-859E-61765AA05253}.Release|x64.Build.0 = Release|x64
		{6362C86D-BC0B-4D6B-859E-61765AA05253}.Release|x86.ActiveCfg = Release|Win32
		{6362C86D-BC0B-4D6B-859E-61765AA05253}.Release|x86.Build.0 = Release|Win32
		{39922D1D-A3D3-4309-B17C-223BBEF333F5}.Debug|x64.ActiveCfg = Debug|x64
		{39922D1D-A3D3-4309-B17C-223BBEF333F5}.Debug|x64.Build.0 = Debug|x64
		{39922D1D-A3D3-4309-B17C-223BBEF333F5}.Debug|x86.ActiveCfg = Debug|Win32
		{39922D1D-A3D3-4309-B17C-223BBEF333F5}.Debug|x86.Build.0 = Debug|Win32
		{39922D1D-A3D3-4309-B17C-223BBEF333F5}.Release|x64.ActiveCfg = Release|x64
		{39922D1D-A3D3-4309-B17C-223BBEF333F5}.Release|x64.Build.0 = Release|x64
		{39922D1D-A3D3-4309-B17C-223BBEF333F5}.Release|x86.ActiveCfg = Release|Win32
		{39922D1D-A3D3-4309-B17C-223BBEF333F5}.Release|x86.Build.0 = Release|Win32
		{86BD2AAC-3255-4165-A3F6-617E71661AD5}.Debug|x64.ActiveCfg = Debug|x64
		{86BD2AAC-3255-4165-A3F6-617E71661AD5}.Debug|x64.Build.0 = Debug|x64
		{86BD2AAC-3255-4165-A3F6-617E71661AD5}.Debug|x86.ActiveCfg = Debug|Win32
		{86BD2AAC-3255-4165-A3F6-617E71661AD5}.Debug|x86.Build.0 = Debug|Win32
		{86BD2AAC-3255-4165-A3F6-617E71661AD5}.Release|x64.ActiveCfg = Release|x64
		{86BD2AAC-3255-4165-A3F6-617E71661AD5}.Release|x64.Build.0 = Release|x64
		{86BD2AAC-3255-4165-A3F6-617E71661AD5}.Release|x86.ActiveCfg = Release|Win32
		{86BD2AAC-3255-4165-A3F6-617E71661AD5}.Release|x86.Build.0 = Release|Win32
		{86ECE8E4-6042-4BA7-8C56-897EEF9901CF}.Debug|x64.ActiveCfg = Debug|x64
		{86ECE8E4-6042-4BA7-8C56-897EEF9901CF}.Debug|x64.Build.0 = Debug|x64
		{86ECE8E4-6042-4BA7-8C56-897EEF9901CF}.Debug|x86.ActiveCfg = Debug|Win32
		{86ECE8E4-6042-4BA7-8C56-897EEF9901CF}.Debug|x86.Build.0 = Debug|Win32
		{86ECE8E4-6042-4BA7-8C56-897EEF9901CF}.Release|x64.ActiveCfg = Release|x64
		{86ECE8E4-6042-4BA7-8C56-897EEF9901CF}.Release|x64.Build.0 = Release|x64
		{86ECE8E4-6042-4BA7-8C56-897EEF9901CF}.Release|x86.ActiveCfg = Release|Win32
		{86ECE8E4-6042-4BA7-8C56-897EEF9901CF}.Release|x86.Build.0 = Release|Win32
		{60E1BD71-E8F7-4238-9DB3-238DFF5F3301}.Debug|x64.ActiveCfg = Debug|x64
		{60E1BD71-E8F7-4238-9DB3-238DFF5F3301}.Debug|x64.Build.0 = Debug|x64
		{60E1BD71-E8F7-4238-9DB3-238DFF5F3301}.Debug|x86.ActiveCfg = Debug|Win32
		{60E1BD71-E8F7-4238-9DB3-238DFF5F3301}.Debug|x86.Build.0 = Debug|Win32
		{60E1BD71-E8F7-4238-9DB3-238DFF5F3301}.Release|x64.ActiveCfg = Release|x64
		{60E1BD71-E8F7-4238-9DB3-238DFF5F3301}.Release|x64.Build.0 = Release|x64
		{60E1BD71-E8F7-4238-9DB3-238DFF5F3301}.Release|x86.ActiveCfg = Release|Win32
		{60E1BD71-E8F7-4238-9DB3-238DFF5F3301}.Release|x86.Build.0 = Release|Win32
		{7E2878E7-7DE3-4BA0-AA9A-33831DE0C4C4}.Debug|x64.ActiveCfg = Debug|x64
		{7E2878E7-7DE3-4BA0-AA9A-33831DE0C4C4}.Debug|x64.Build.0 = Debug|x64
		{7E2878E7-7DE3-4BA0-AA9A-33831DE0C4C4}.Debug|x86.ActiveCfg = Debug|Win32
		{7E2878E7-7DE3-4BA0-AA9A-33831DE0C4C4}.Debug|x86.Build.0 = Debug|Win32
		{7E2878E7-7DE3-4BA0-AA9A-33831DE0C4C4}.Release|x64.ActiveCfg = Release|x64
		{7E2878E7-7DE3-4BA0-AA9A-33831DE0C4C4}.Release|x64.Build.0 = Release|x64
		{7E2878E7-7DE3-4BA0-AA9A-33831DE0C4C4}.Release|x86.ActiveCfg = Release|Win32
		{7E2878E7-7DE3-4BA0-AA9A-33831DE0C4C4}.Release|x86.Build.0 = Release|Win32
		{E4E03024-877F-4753-B7C7-B1DC6FE1741F}.Debug|x64.ActiveCfg = Debug|x64
		{E4E03024-877F-4753-B7C7-B1DC6FE1741F}.Debug|x64.Build.0 = Debug|x64
		{E4E03024-877F-4753-B7C7-B1DC6FE1741F}.Debug|x86.ActiveCfg = Debug|Win32
		{E4E03024-877F-4753-B7C7-B1DC6FE1741F}.Debug|x86.Build.0 = Debug|Win32
		{E4E03024-877F-4753-B7C7-B1DC6FE1741F}.Release|x64.ActiveCfg = Release|x64
		{E4E03024-877F-4753-B7C7-B1DC6FE1741F}.Release|x64.Build.0 = Release|x64
		{E4E03024-877F-4753-B7C7-B1DC6FE1741F}.Release|x86.ActiveCfg = Release|Win32
		{E4E03024-877F-4753-B7C7-B1DC6FE1741F}.Release|x86.Build.0 = Release|Win32
		{8E77CAF6-868A-446E-8668-A4EB1C333E86}.Debug|x64.ActiveCfg = Debug|x64
		{8E77CAF6-868A-446E-8668-A4EB1C333E86}.Debug|x64.Build.0 = Debug|x64
		{8E77CAF6-868A-446E-8668-A4EB1C333E86}.Debug|x86.ActiveCfg = Debug|Win32
		{8E77CAF6-868A-446E-8668-A4EB1C333E86}.Debug|x86.Build.0 = Debug|Win32
		{8E77CAF6-868A-446E-8668-A4EB1C333E86}.Release|x64.ActiveCfg = Release|x64
		{8E77CAF6-868A-446E-8668-A4EB1C333E86}.Release|x64.Build.0 = Release|x64
		{8E77CAF6-868A-446E-8668-A4EB1C333E86}.Release|x86.ActiveCfg = Release|Win32
		{8E77CAF6-868A-446E-8668-A4EB1C333E86}.Release|x86.Build.0 = Release|Win32
		{14CD8FE6-DFBC-477F-ABA1-5D3ED65BEA49}.Debug|x64.ActiveCfg = Debug|x64
		{14CD8FE6-DFBC-477F-ABA1-5D3ED65BEA49}.Debug|x64.Build.0 = Debug|x64
		{14CD8FE6-DFBC-477F-ABA1-5D3ED65BEA49}.Debug|x86.ActiveCfg = Debug|Win32
		{14CD8FE6-DFBC-477F-ABA1-5D3ED65BEA49}.Debug|x86.Build.0 = Debug|Win32
		{14CD8FE6-DFBC-477F-ABA1-5D3ED65BEA49}.Release|x64.ActiveCfg = Release|x64
		{14CD8FE6-DFBC-477F-ABA1-5D3ED65BEA49}.Release|x64.Build.0 = Release|x64
		{14CD8FE6-DFBC-477F-ABA1-5D3ED65BEA49}.Release|x86.ActiveCfg = Release|Win32
		{14CD8FE6-DFBC-477F-ABA1-5D3ED65BEA49}.Release|x86.Build.0 = Release|Win32
	EndGlobalSection
	GlobalSection(SolutionProperties) = preSolution
		HideSolutionNode = FALSE
	EndGlobalSection
	GlobalSection(ExtensibilityGlobals) = postSolution
		SolutionGuid = {270A2FB9-470D-410D-A1BA-FB76E3951F95}
	EndGlobalSection
EndGlobal
